// !$*UTF8*$!
{
	archiveVersion = 1;
	classes = {
	};
	objectVersion = 56;
	objects = {

/* Begin PBXBuildFile section */
		B60B7DA12BFC880C00163D80 /* Record.swift in Sources */ = {isa = PBXBuildFile; fileRef = B60B7DA02BFC880C00163D80 /* Record.swift */; };
		B60B7DA22BFC880C00163D80 /* Record.swift in Sources */ = {isa = PBXBuildFile; fileRef = B60B7DA02BFC880C00163D80 /* Record.swift */; };
		B63A27B52BFBAEB900E9241B /* AppneaApp.swift in Sources */ = {isa = PBXBuildFile; fileRef = B63A27B42BFBAEB900E9241B /* AppneaApp.swift */; };
		B63A27B72BFBAEB900E9241B /* ContentView.swift in Sources */ = {isa = PBXBuildFile; fileRef = B63A27B62BFBAEB900E9241B /* ContentView.swift */; };
		B63A27B92BFBAEBA00E9241B /* Assets.xcassets in Resources */ = {isa = PBXBuildFile; fileRef = B63A27B82BFBAEBA00E9241B /* Assets.xcassets */; };
		B63A27BC2BFBAEBA00E9241B /* Preview Assets.xcassets in Resources */ = {isa = PBXBuildFile; fileRef = B63A27BB2BFBAEBA00E9241B /* Preview Assets.xcassets */; };
		B63A27C22BFBAEBA00E9241B /* Appnea Watch App.app in Embed Watch Content */ = {isa = PBXBuildFile; fileRef = B63A27C12BFBAEBA00E9241B /* Appnea Watch App.app */; settings = {ATTRIBUTES = (RemoveHeadersOnCopy, ); }; };
		B63A27C72BFBAEBA00E9241B /* AppneaApp.swift in Sources */ = {isa = PBXBuildFile; fileRef = B63A27C62BFBAEBA00E9241B /* AppneaApp.swift */; };
		B63A27C92BFBAEBA00E9241B /* ContentView.swift in Sources */ = {isa = PBXBuildFile; fileRef = B63A27C82BFBAEBA00E9241B /* ContentView.swift */; };
		B63A27CB2BFBAEBA00E9241B /* Assets.xcassets in Resources */ = {isa = PBXBuildFile; fileRef = B63A27CA2BFBAEBA00E9241B /* Assets.xcassets */; };
		B63A27CE2BFBAEBA00E9241B /* Preview Assets.xcassets in Resources */ = {isa = PBXBuildFile; fileRef = B63A27CD2BFBAEBA00E9241B /* Preview Assets.xcassets */; };
		B63A27DD2BFBAFC700E9241B /* RecordsList.swift in Sources */ = {isa = PBXBuildFile; fileRef = B63A27DC2BFBAFC700E9241B /* RecordsList.swift */; };
		B63A27DE2BFBAFC700E9241B /* RecordsList.swift in Sources */ = {isa = PBXBuildFile; fileRef = B63A27DC2BFBAFC700E9241B /* RecordsList.swift */; };
		B63A27E02BFBB00100E9241B /* RecordRow.swift in Sources */ = {isa = PBXBuildFile; fileRef = B63A27DF2BFBB00100E9241B /* RecordRow.swift */; };
		B63A27E12BFBB00100E9241B /* RecordRow.swift in Sources */ = {isa = PBXBuildFile; fileRef = B63A27DF2BFBB00100E9241B /* RecordRow.swift */; };
		B671A5602BFCF94600DEA789 /* TimerView.swift in Sources */ = {isa = PBXBuildFile; fileRef = B671A55F2BFCF94600DEA789 /* TimerView.swift */; };
/* End PBXBuildFile section */

/* Begin PBXContainerItemProxy section */
		B63A27C32BFBAEBA00E9241B /* PBXContainerItemProxy */ = {
			isa = PBXContainerItemProxy;
			containerPortal = B63A27A92BFBAEB900E9241B /* Project object */;
			proxyType = 1;
			remoteGlobalIDString = B63A27C02BFBAEBA00E9241B;
			remoteInfo = "Appnea Watch App";
		};
/* End PBXContainerItemProxy section */

/* Begin PBXCopyFilesBuildPhase section */
		B63A27D42BFBAEBA00E9241B /* Embed Watch Content */ = {
			isa = PBXCopyFilesBuildPhase;
			buildActionMask = 2147483647;
			dstPath = "$(CONTENTS_FOLDER_PATH)/Watch";
			dstSubfolderSpec = 16;
			files = (
				B63A27C22BFBAEBA00E9241B /* Appnea Watch App.app in Embed Watch Content */,
			);
			name = "Embed Watch Content";
			runOnlyForDeploymentPostprocessing = 0;
		};
/* End PBXCopyFilesBuildPhase section */

/* Begin PBXFileReference section */
		B60B7DA02BFC880C00163D80 /* Record.swift */ = {isa = PBXFileReference; lastKnownFileType = sourcecode.swift; path = Record.swift; sourceTree = "<group>"; };
		B63A27B12BFBAEB900E9241B /* Appnea.app */ = {isa = PBXFileReference; explicitFileType = wrapper.application; includeInIndex = 0; path = Appnea.app; sourceTree = BUILT_PRODUCTS_DIR; };
		B63A27B42BFBAEB900E9241B /* AppneaApp.swift */ = {isa = PBXFileReference; lastKnownFileType = sourcecode.swift; path = AppneaApp.swift; sourceTree = "<group>"; };
		B63A27B62BFBAEB900E9241B /* ContentView.swift */ = {isa = PBXFileReference; lastKnownFileType = sourcecode.swift; path = ContentView.swift; sourceTree = "<group>"; };
		B63A27B82BFBAEBA00E9241B /* Assets.xcassets */ = {isa = PBXFileReference; lastKnownFileType = folder.assetcatalog; path = Assets.xcassets; sourceTree = "<group>"; };
		B63A27BB2BFBAEBA00E9241B /* Preview Assets.xcassets */ = {isa = PBXFileReference; lastKnownFileType = folder.assetcatalog; path = "Preview Assets.xcassets"; sourceTree = "<group>"; };
		B63A27C12BFBAEBA00E9241B /* Appnea Watch App.app */ = {isa = PBXFileReference; explicitFileType = wrapper.application; includeInIndex = 0; path = "Appnea Watch App.app"; sourceTree = BUILT_PRODUCTS_DIR; };
		B63A27C62BFBAEBA00E9241B /* AppneaApp.swift */ = {isa = PBXFileReference; lastKnownFileType = sourcecode.swift; path = AppneaApp.swift; sourceTree = "<group>"; };
		B63A27C82BFBAEBA00E9241B /* ContentView.swift */ = {isa = PBXFileReference; lastKnownFileType = sourcecode.swift; path = ContentView.swift; sourceTree = "<group>"; };
		B63A27CA2BFBAEBA00E9241B /* Assets.xcassets */ = {isa = PBXFileReference; lastKnownFileType = folder.assetcatalog; path = Assets.xcassets; sourceTree = "<group>"; };
		B63A27CD2BFBAEBA00E9241B /* Preview Assets.xcassets */ = {isa = PBXFileReference; lastKnownFileType = folder.assetcatalog; path = "Preview Assets.xcassets"; sourceTree = "<group>"; };
		B63A27DC2BFBAFC700E9241B /* RecordsList.swift */ = {isa = PBXFileReference; lastKnownFileType = sourcecode.swift; path = RecordsList.swift; sourceTree = "<group>"; };
		B63A27DF2BFBB00100E9241B /* RecordRow.swift */ = {isa = PBXFileReference; lastKnownFileType = sourcecode.swift; path = RecordRow.swift; sourceTree = "<group>"; };
		B671A55F2BFCF94600DEA789 /* TimerView.swift */ = {isa = PBXFileReference; lastKnownFileType = sourcecode.swift; path = TimerView.swift; sourceTree = "<group>"; };
/* End PBXFileReference section */

/* Begin PBXFrameworksBuildPhase section */
		B63A27AE2BFBAEB900E9241B /* Frameworks */ = {
			isa = PBXFrameworksBuildPhase;
			buildActionMask = 2147483647;
			files = (
			);
			runOnlyForDeploymentPostprocessing = 0;
		};
		B63A27BE2BFBAEBA00E9241B /* Frameworks */ = {
			isa = PBXFrameworksBuildPhase;
			buildActionMask = 2147483647;
			files = (
			);
			runOnlyForDeploymentPostprocessing = 0;
		};
/* End PBXFrameworksBuildPhase section */

/* Begin PBXGroup section */
		B60B7D9F2BFC87EF00163D80 /* Views */ = {
			isa = PBXGroup;
			children = (
				B63A27DC2BFBAFC700E9241B /* RecordsList.swift */,
				B63A27DF2BFBB00100E9241B /* RecordRow.swift */,
			);
			path = Views;
			sourceTree = "<group>";
		};
		B63A27A82BFBAEB900E9241B = {
			isa = PBXGroup;
			children = (
				B63A27B32BFBAEB900E9241B /* Appnea */,
				B63A27D82BFBAF5A00E9241B /* Shared */,
				B63A27C52BFBAEBA00E9241B /* Appnea Watch App */,
				B63A27B22BFBAEB900E9241B /* Products */,
			);
			sourceTree = "<group>";
		};
		B63A27B22BFBAEB900E9241B /* Products */ = {
			isa = PBXGroup;
			children = (
				B63A27B12BFBAEB900E9241B /* Appnea.app */,
				B63A27C12BFBAEBA00E9241B /* Appnea Watch App.app */,
			);
			name = Products;
			sourceTree = "<group>";
		};
		B63A27B32BFBAEB900E9241B /* Appnea */ = {
			isa = PBXGroup;
			children = (
				B63A27B42BFBAEB900E9241B /* AppneaApp.swift */,
				B63A27B62BFBAEB900E9241B /* ContentView.swift */,
				B63A27B82BFBAEBA00E9241B /* Assets.xcassets */,
				B63A27BA2BFBAEBA00E9241B /* Preview Content */,
			);
			path = Appnea;
			sourceTree = "<group>";
		};
		B63A27BA2BFBAEBA00E9241B /* Preview Content */ = {
			isa = PBXGroup;
			children = (
				B63A27BB2BFBAEBA00E9241B /* Preview Assets.xcassets */,
			);
			path = "Preview Content";
			sourceTree = "<group>";
		};
		B63A27C52BFBAEBA00E9241B /* Appnea Watch App */ = {
			isa = PBXGroup;
			children = (
				B63A27C62BFBAEBA00E9241B /* AppneaApp.swift */,
				B63A27C82BFBAEBA00E9241B /* ContentView.swift */,
				B63A27CA2BFBAEBA00E9241B /* Assets.xcassets */,
				B63A27CC2BFBAEBA00E9241B /* Preview Content */,
				B671A55F2BFCF94600DEA789 /* TimerView.swift */,
			);
			path = "Appnea Watch App";
			sourceTree = "<group>";
		};
		B63A27CC2BFBAEBA00E9241B /* Preview Content */ = {
			isa = PBXGroup;
			children = (
				B63A27CD2BFBAEBA00E9241B /* Preview Assets.xcassets */,
			);
			path = "Preview Content";
			sourceTree = "<group>";
		};
		B63A27D82BFBAF5A00E9241B /* Shared */ = {
			isa = PBXGroup;
			children = (
				B60B7DA02BFC880C00163D80 /* Record.swift */,
				B60B7D9F2BFC87EF00163D80 /* Views */,
			);
			path = Shared;
			sourceTree = "<group>";
		};
/* End PBXGroup section */

/* Begin PBXNativeTarget section */
		B63A27B02BFBAEB900E9241B /* Appnea */ = {
			isa = PBXNativeTarget;
			buildConfigurationList = B63A27D52BFBAEBA00E9241B /* Build configuration list for PBXNativeTarget "Appnea" */;
			buildPhases = (
				B63A27AD2BFBAEB900E9241B /* Sources */,
				B63A27AE2BFBAEB900E9241B /* Frameworks */,
				B63A27AF2BFBAEB900E9241B /* Resources */,
				B63A27D42BFBAEBA00E9241B /* Embed Watch Content */,
			);
			buildRules = (
			);
			dependencies = (
				B63A27C42BFBAEBA00E9241B /* PBXTargetDependency */,
			);
			name = Appnea;
			productName = Appnea;
			productReference = B63A27B12BFBAEB900E9241B /* Appnea.app */;
			productType = "com.apple.product-type.application";
		};
		B63A27C02BFBAEBA00E9241B /* Appnea Watch App */ = {
			isa = PBXNativeTarget;
			buildConfigurationList = B63A27D12BFBAEBA00E9241B /* Build configuration list for PBXNativeTarget "Appnea Watch App" */;
			buildPhases = (
				B63A27BD2BFBAEBA00E9241B /* Sources */,
				B63A27BE2BFBAEBA00E9241B /* Frameworks */,
				B63A27BF2BFBAEBA00E9241B /* Resources */,
			);
			buildRules = (
			);
			dependencies = (
			);
			name = "Appnea Watch App";
			productName = "Appnea Watch App";
			productReference = B63A27C12BFBAEBA00E9241B /* Appnea Watch App.app */;
			productType = "com.apple.product-type.application";
		};
/* End PBXNativeTarget section */

/* Begin PBXProject section */
		B63A27A92BFBAEB900E9241B /* Project object */ = {
			isa = PBXProject;
			attributes = {
				BuildIndependentTargetsInParallel = 1;
				LastSwiftUpdateCheck = 1530;
				LastUpgradeCheck = 1530;
				TargetAttributes = {
					B63A27B02BFBAEB900E9241B = {
						CreatedOnToolsVersion = 15.3;
					};
					B63A27C02BFBAEBA00E9241B = {
						CreatedOnToolsVersion = 15.3;
					};
				};
			};
			buildConfigurationList = B63A27AC2BFBAEB900E9241B /* Build configuration list for PBXProject "Appnea" */;
			compatibilityVersion = "Xcode 14.0";
			developmentRegion = en;
			hasScannedForEncodings = 0;
			knownRegions = (
				en,
				Base,
			);
			mainGroup = B63A27A82BFBAEB900E9241B;
			productRefGroup = B63A27B22BFBAEB900E9241B /* Products */;
			projectDirPath = "";
			projectRoot = "";
			targets = (
				B63A27B02BFBAEB900E9241B /* Appnea */,
				B63A27C02BFBAEBA00E9241B /* Appnea Watch App */,
			);
		};
/* End PBXProject section */

/* Begin PBXResourcesBuildPhase section */
		B63A27AF2BFBAEB900E9241B /* Resources */ = {
			isa = PBXResourcesBuildPhase;
			buildActionMask = 2147483647;
			files = (
				B63A27BC2BFBAEBA00E9241B /* Preview Assets.xcassets in Resources */,
				B63A27B92BFBAEBA00E9241B /* Assets.xcassets in Resources */,
			);
			runOnlyForDeploymentPostprocessing = 0;
		};
		B63A27BF2BFBAEBA00E9241B /* Resources */ = {
			isa = PBXResourcesBuildPhase;
			buildActionMask = 2147483647;
			files = (
				B63A27CE2BFBAEBA00E9241B /* Preview Assets.xcassets in Resources */,
				B63A27CB2BFBAEBA00E9241B /* Assets.xcassets in Resources */,
			);
			runOnlyForDeploymentPostprocessing = 0;
		};
/* End PBXResourcesBuildPhase section */

/* Begin PBXSourcesBuildPhase section */
		B63A27AD2BFBAEB900E9241B /* Sources */ = {
			isa = PBXSourcesBuildPhase;
			buildActionMask = 2147483647;
			files = (
				B63A27B72BFBAEB900E9241B /* ContentView.swift in Sources */,
				B63A27E02BFBB00100E9241B /* RecordRow.swift in Sources */,
				B60B7DA12BFC880C00163D80 /* Record.swift in Sources */,
				B63A27B52BFBAEB900E9241B /* AppneaApp.swift in Sources */,
				B63A27DD2BFBAFC700E9241B /* RecordsList.swift in Sources */,
			);
			runOnlyForDeploymentPostprocessing = 0;
		};
		B63A27BD2BFBAEBA00E9241B /* Sources */ = {
			isa = PBXSourcesBuildPhase;
			buildActionMask = 2147483647;
			files = (
				B671A5602BFCF94600DEA789 /* TimerView.swift in Sources */,
				B63A27C92BFBAEBA00E9241B /* ContentView.swift in Sources */,
				B63A27E12BFBB00100E9241B /* RecordRow.swift in Sources */,
				B60B7DA22BFC880C00163D80 /* Record.swift in Sources */,
				B63A27C72BFBAEBA00E9241B /* AppneaApp.swift in Sources */,
				B63A27DE2BFBAFC700E9241B /* RecordsList.swift in Sources */,
			);
			runOnlyForDeploymentPostprocessing = 0;
		};
/* End PBXSourcesBuildPhase section */

/* Begin PBXTargetDependency section */
		B63A27C42BFBAEBA00E9241B /* PBXTargetDependency */ = {
			isa = PBXTargetDependency;
			target = B63A27C02BFBAEBA00E9241B /* Appnea Watch App */;
			targetProxy = B63A27C32BFBAEBA00E9241B /* PBXContainerItemProxy */;
		};
/* End PBXTargetDependency section */

/* Begin XCBuildConfiguration section */
		B63A27CF2BFBAEBA00E9241B /* Debug */ = {
			isa = XCBuildConfiguration;
			buildSettings = {
				ALWAYS_SEARCH_USER_PATHS = NO;
				ASSETCATALOG_COMPILER_GENERATE_SWIFT_ASSET_SYMBOL_EXTENSIONS = YES;
				CLANG_ANALYZER_NONNULL = YES;
				CLANG_ANALYZER_NUMBER_OBJECT_CONVERSION = YES_AGGRESSIVE;
				CLANG_CXX_LANGUAGE_STANDARD = "gnu++20";
				CLANG_ENABLE_MODULES = YES;
				CLANG_ENABLE_OBJC_ARC = YES;
				CLANG_ENABLE_OBJC_WEAK = YES;
				CLANG_WARN_BLOCK_CAPTURE_AUTORELEASING = YES;
				CLANG_WARN_BOOL_CONVERSION = YES;
				CLANG_WARN_COMMA = YES;
				CLANG_WARN_CONSTANT_CONVERSION = YES;
				CLANG_WARN_DEPRECATED_OBJC_IMPLEMENTATIONS = YES;
				CLANG_WARN_DIRECT_OBJC_ISA_USAGE = YES_ERROR;
				CLANG_WARN_DOCUMENTATION_COMMENTS = YES;
				CLANG_WARN_EMPTY_BODY = YES;
				CLANG_WARN_ENUM_CONVERSION = YES;
				CLANG_WARN_INFINITE_RECURSION = YES;
				CLANG_WARN_INT_CONVERSION = YES;
				CLANG_WARN_NON_LITERAL_NULL_CONVERSION = YES;
				CLANG_WARN_OBJC_IMPLICIT_RETAIN_SELF = YES;
				CLANG_WARN_OBJC_LITERAL_CONVERSION = YES;
				CLANG_WARN_OBJC_ROOT_CLASS = YES_ERROR;
				CLANG_WARN_QUOTED_INCLUDE_IN_FRAMEWORK_HEADER = YES;
				CLANG_WARN_RANGE_LOOP_ANALYSIS = YES;
				CLANG_WARN_STRICT_PROTOTYPES = YES;
				CLANG_WARN_SUSPICIOUS_MOVE = YES;
				CLANG_WARN_UNGUARDED_AVAILABILITY = YES_AGGRESSIVE;
				CLANG_WARN_UNREACHABLE_CODE = YES;
				CLANG_WARN__DUPLICATE_METHOD_MATCH = YES;
				COPY_PHASE_STRIP = NO;
				DEBUG_INFORMATION_FORMAT = dwarf;
				ENABLE_STRICT_OBJC_MSGSEND = YES;
				ENABLE_TESTABILITY = YES;
				ENABLE_USER_SCRIPT_SANDBOXING = YES;
				GCC_C_LANGUAGE_STANDARD = gnu17;
				GCC_DYNAMIC_NO_PIC = NO;
				GCC_NO_COMMON_BLOCKS = YES;
				GCC_OPTIMIZATION_LEVEL = 0;
				GCC_PREPROCESSOR_DEFINITIONS = (
					"DEBUG=1",
					"$(inherited)",
				);
				GCC_WARN_64_TO_32_BIT_CONVERSION = YES;
				GCC_WARN_ABOUT_RETURN_TYPE = YES_ERROR;
				GCC_WARN_UNDECLARED_SELECTOR = YES;
				GCC_WARN_UNINITIALIZED_AUTOS = YES_AGGRESSIVE;
				GCC_WARN_UNUSED_FUNCTION = YES;
				GCC_WARN_UNUSED_VARIABLE = YES;
				LOCALIZATION_PREFERS_STRING_CATALOGS = YES;
				MTL_ENABLE_DEBUG_INFO = INCLUDE_SOURCE;
				MTL_FAST_MATH = YES;
				ONLY_ACTIVE_ARCH = YES;
				SWIFT_ACTIVE_COMPILATION_CONDITIONS = "DEBUG $(inherited)";
				SWIFT_OPTIMIZATION_LEVEL = "-Onone";
			};
			name = Debug;
		};
		B63A27D02BFBAEBA00E9241B /* Release */ = {
			isa = XCBuildConfiguration;
			buildSettings = {
				ALWAYS_SEARCH_USER_PATHS = NO;
				ASSETCATALOG_COMPILER_GENERATE_SWIFT_ASSET_SYMBOL_EXTENSIONS = YES;
				CLANG_ANALYZER_NONNULL = YES;
				CLANG_ANALYZER_NUMBER_OBJECT_CONVERSION = YES_AGGRESSIVE;
				CLANG_CXX_LANGUAGE_STANDARD = "gnu++20";
				CLANG_ENABLE_MODULES = YES;
				CLANG_ENABLE_OBJC_ARC = YES;
				CLANG_ENABLE_OBJC_WEAK = YES;
				CLANG_WARN_BLOCK_CAPTURE_AUTORELEASING = YES;
				CLANG_WARN_BOOL_CONVERSION = YES;
				CLANG_WARN_COMMA = YES;
				CLANG_WARN_CONSTANT_CONVERSION = YES;
				CLANG_WARN_DEPRECATED_OBJC_IMPLEMENTATIONS = YES;
				CLANG_WARN_DIRECT_OBJC_ISA_USAGE = YES_ERROR;
				CLANG_WARN_DOCUMENTATION_COMMENTS = YES;
				CLANG_WARN_EMPTY_BODY = YES;
				CLANG_WARN_ENUM_CONVERSION = YES;
				CLANG_WARN_INFINITE_RECURSION = YES;
				CLANG_WARN_INT_CONVERSION = YES;
				CLANG_WARN_NON_LITERAL_NULL_CONVERSION = YES;
				CLANG_WARN_OBJC_IMPLICIT_RETAIN_SELF = YES;
				CLANG_WARN_OBJC_LITERAL_CONVERSION = YES;
				CLANG_WARN_OBJC_ROOT_CLASS = YES_ERROR;
				CLANG_WARN_QUOTED_INCLUDE_IN_FRAMEWORK_HEADER = YES;
				CLANG_WARN_RANGE_LOOP_ANALYSIS = YES;
				CLANG_WARN_STRICT_PROTOTYPES = YES;
				CLANG_WARN_SUSPICIOUS_MOVE = YES;
				CLANG_WARN_UNGUARDED_AVAILABILITY = YES_AGGRESSIVE;
				CLANG_WARN_UNREACHABLE_CODE = YES;
				CLANG_WARN__DUPLICATE_METHOD_MATCH = YES;
				COPY_PHASE_STRIP = NO;
				DEBUG_INFORMATION_FORMAT = "dwarf-with-dsym";
				ENABLE_NS_ASSERTIONS = NO;
				ENABLE_STRICT_OBJC_MSGSEND = YES;
				ENABLE_USER_SCRIPT_SANDBOXING = YES;
				GCC_C_LANGUAGE_STANDARD = gnu17;
				GCC_NO_COMMON_BLOCKS = YES;
				GCC_WARN_64_TO_32_BIT_CONVERSION = YES;
				GCC_WARN_ABOUT_RETURN_TYPE = YES_ERROR;
				GCC_WARN_UNDECLARED_SELECTOR = YES;
				GCC_WARN_UNINITIALIZED_AUTOS = YES_AGGRESSIVE;
				GCC_WARN_UNUSED_FUNCTION = YES;
				GCC_WARN_UNUSED_VARIABLE = YES;
				LOCALIZATION_PREFERS_STRING_CATALOGS = YES;
				MTL_ENABLE_DEBUG_INFO = NO;
				MTL_FAST_MATH = YES;
				SWIFT_COMPILATION_MODE = wholemodule;
			};
			name = Release;
		};
		B63A27D22BFBAEBA00E9241B /* Debug */ = {
			isa = XCBuildConfiguration;
			buildSettings = {
				ASSETCATALOG_COMPILER_APPICON_NAME = AppIcon;
				ASSETCATALOG_COMPILER_GLOBAL_ACCENT_COLOR_NAME = AccentColor;
				CODE_SIGN_STYLE = Automatic;
				CURRENT_PROJECT_VERSION = 1;
				DEVELOPMENT_ASSET_PATHS = "\"Appnea Watch App/Preview Content\"";
				ENABLE_PREVIEWS = YES;
				GENERATE_INFOPLIST_FILE = YES;
				INFOPLIST_KEY_CFBundleDisplayName = Appnea;
				INFOPLIST_KEY_UISupportedInterfaceOrientations = "UIInterfaceOrientationPortrait UIInterfaceOrientationPortraitUpsideDown";
				INFOPLIST_KEY_WKCompanionAppBundleIdentifier = com.yuki.Appnea;
				LD_RUNPATH_SEARCH_PATHS = (
					"$(inherited)",
					"@executable_path/Frameworks",
				);
				MARKETING_VERSION = 1.0;
				PRODUCT_BUNDLE_IDENTIFIER = com.yuki.Appnea.watchkitapp;
				PRODUCT_NAME = "$(TARGET_NAME)";
				SDKROOT = watchos;
				SKIP_INSTALL = YES;
				SWIFT_EMIT_LOC_STRINGS = YES;
				SWIFT_VERSION = 5.0;
				TARGETED_DEVICE_FAMILY = 4;
				WATCHOS_DEPLOYMENT_TARGET = 10.4;
			};
			name = Debug;
		};
		B63A27D32BFBAEBA00E9241B /* Release */ = {
			isa = XCBuildConfiguration;
			buildSettings = {
				ASSETCATALOG_COMPILER_APPICON_NAME = AppIcon;
				ASSETCATALOG_COMPILER_GLOBAL_ACCENT_COLOR_NAME = AccentColor;
				CODE_SIGN_STYLE = Automatic;
				CURRENT_PROJECT_VERSION = 1;
				DEVELOPMENT_ASSET_PATHS = "\"Appnea Watch App/Preview Content\"";
				ENABLE_PREVIEWS = YES;
				GENERATE_INFOPLIST_FILE = YES;
				INFOPLIST_KEY_CFBundleDisplayName = Appnea;
				INFOPLIST_KEY_UISupportedInterfaceOrientations = "UIInterfaceOrientationPortrait UIInterfaceOrientationPortraitUpsideDown";
				INFOPLIST_KEY_WKCompanionAppBundleIdentifier = com.yuki.Appnea;
				LD_RUNPATH_SEARCH_PATHS = (
					"$(inherited)",
					"@executable_path/Frameworks",
				);
				MARKETING_VERSION = 1.0;
				PRODUCT_BUNDLE_IDENTIFIER = com.yuki.Appnea.watchkitapp;
				PRODUCT_NAME = "$(TARGET_NAME)";
				SDKROOT = watchos;
				SKIP_INSTALL = YES;
				SWIFT_EMIT_LOC_STRINGS = YES;
				SWIFT_VERSION = 5.0;
				TARGETED_DEVICE_FAMILY = 4;
				VALIDATE_PRODUCT = YES;
				WATCHOS_DEPLOYMENT_TARGET = 10.4;
			};
			name = Release;
		};
		B63A27D62BFBAEBA00E9241B /* Debug */ = {
			isa = XCBuildConfiguration;
			buildSettings = {
				ALWAYS_EMBED_SWIFT_STANDARD_LIBRARIES = YES;
				ASSETCATALOG_COMPILER_APPICON_NAME = AppIcon;
				ASSETCATALOG_COMPILER_GLOBAL_ACCENT_COLOR_NAME = AccentColor;
				CODE_SIGN_STYLE = Automatic;
				CURRENT_PROJECT_VERSION = 1;
				DEVELOPMENT_ASSET_PATHS = "\"Appnea/Preview Content\"";
				ENABLE_PREVIEWS = YES;
				GENERATE_INFOPLIST_FILE = YES;
				INFOPLIST_KEY_CFBundleDisplayName = Appnea;
				INFOPLIST_KEY_UIApplicationSceneManifest_Generation = YES;
				INFOPLIST_KEY_UIApplicationSupportsIndirectInputEvents = YES;
				INFOPLIST_KEY_UILaunchScreen_Generation = YES;
				INFOPLIST_KEY_UISupportedInterfaceOrientations_iPad = "UIInterfaceOrientationPortrait UIInterfaceOrientationPortraitUpsideDown UIInterfaceOrientationLandscapeLeft UIInterfaceOrientationLandscapeRight";
				INFOPLIST_KEY_UISupportedInterfaceOrientations_iPhone = "UIInterfaceOrientationPortrait UIInterfaceOrientationLandscapeLeft UIInterfaceOrientationLandscapeRight";
				IPHONEOS_DEPLOYMENT_TARGET = 17.4;
				LD_RUNPATH_SEARCH_PATHS = (
					"$(inherited)",
					"@executable_path/Frameworks",
				);
				MARKETING_VERSION = 1.0;
				PRODUCT_BUNDLE_IDENTIFIER = com.yuki.Appnea;
				PRODUCT_NAME = "$(TARGET_NAME)";
				SDKROOT = iphoneos;
				SWIFT_EMIT_LOC_STRINGS = YES;
				SWIFT_VERSION = 5.0;
				TARGETED_DEVICE_FAMILY = "1,2";
			};
			name = Debug;
		};
		B63A27D72BFBAEBA00E9241B /* Release */ = {
			isa = XCBuildConfiguration;
			buildSettings = {
				ALWAYS_EMBED_SWIFT_STANDARD_LIBRARIES = YES;
				ASSETCATALOG_COMPILER_APPICON_NAME = AppIcon;
				ASSETCATALOG_COMPILER_GLOBAL_ACCENT_COLOR_NAME = AccentColor;
				CODE_SIGN_STYLE = Automatic;
				CURRENT_PROJECT_VERSION = 1;
				DEVELOPMENT_ASSET_PATHS = "\"Appnea/Preview Content\"";
				ENABLE_PREVIEWS = YES;
				GENERATE_INFOPLIST_FILE = YES;
				INFOPLIST_KEY_CFBundleDisplayName = Appnea;
				INFOPLIST_KEY_UIApplicationSceneManifest_Generation = YES;
				INFOPLIST_KEY_UIApplicationSupportsIndirectInputEvents = YES;
				INFOPLIST_KEY_UILaunchScreen_Generation = YES;
				INFOPLIST_KEY_UISupportedInterfaceOrientations_iPad = "UIInterfaceOrientationPortrait UIInterfaceOrientationPortraitUpsideDown UIInterfaceOrientationLandscapeLeft UIInterfaceOrientationLandscapeRight";
				INFOPLIST_KEY_UISupportedInterfaceOrientations_iPhone = "UIInterfaceOrientationPortrait UIInterfaceOrientationLandscapeLeft UIInterfaceOrientationLandscapeRight";
				IPHONEOS_DEPLOYMENT_TARGET = 17.4;
				LD_RUNPATH_SEARCH_PATHS = (
					"$(inherited)",
					"@executable_path/Frameworks",
				);
				MARKETING_VERSION = 1.0;
				PRODUCT_BUNDLE_IDENTIFIER = com.yuki.Appnea;
				PRODUCT_NAME = "$(TARGET_NAME)";
				SDKROOT = iphoneos;
				SWIFT_EMIT_LOC_STRINGS = YES;
				SWIFT_VERSION = 5.0;
				TARGETED_DEVICE_FAMILY = "1,2";
				VALIDATE_PRODUCT = YES;
			};
			name = Release;
		};
/* End XCBuildConfiguration section */

/* Begin XCConfigurationList section */
		B63A27AC2BFBAEB900E9241B /* Build configuration list for PBXProject "Appnea" */ = {
			isa = XCConfigurationList;
			buildConfigurations = (
				B63A27CF2BFBAEBA00E9241B /* Debug */,
				B63A27D02BFBAEBA00E9241B /* Release */,
			);
			defaultConfigurationIsVisible = 0;
			defaultConfigurationName = Release;
		};
		B63A27D12BFBAEBA00E9241B /* Build configuration list for PBXNativeTarget "Appnea Watch App" */ = {
			isa = XCConfigurationList;
			buildConfigurations = (
				B63A27D22BFBAEBA00E9241B /* Debug */,
				B63A27D32BFBAEBA00E9241B /* Release */,
			);
			defaultConfigurationIsVisible = 0;
			defaultConfigurationName = Release;
		};
		B63A27D52BFBAEBA00E9241B /* Build configuration list for PBXNativeTarget "Appnea" */ = {
			isa = XCConfigurationList;
			buildConfigurations = (
				B63A27D62BFBAEBA00E9241B /* Debug */,
				B63A27D72BFBAEBA00E9241B /* Release */,
			);
			defaultConfigurationIsVisible = 0;
			defaultConfigurationName = Release;
		};
/* End XCConfigurationList section */
	};
	rootObject = B63A27A92BFBAEB900E9241B /* Project object */;
}
